// !$*UTF8*$!
{
	archiveVersion = 1;
	classes = {
	};
	objectVersion = 50;
	objects = {

/* Begin PBXBuildFile section */
		6FCAB4E621FD4CCE005DEFCE /* AppDelegate.swift in Sources */ = {isa = PBXBuildFile; fileRef = 6FCAB4E521FD4CCE005DEFCE /* AppDelegate.swift */; };
		6FCAB4E821FD4CCE005DEFCE /* ViewController.swift in Sources */ = {isa = PBXBuildFile; fileRef = 6FCAB4E721FD4CCE005DEFCE /* ViewController.swift */; };
		6FCAB4EA21FD4CCF005DEFCE /* Assets.xcassets in Resources */ = {isa = PBXBuildFile; fileRef = 6FCAB4E921FD4CCF005DEFCE /* Assets.xcassets */; };
		6FCAB4ED21FD4CCF005DEFCE /* Main.storyboard in Resources */ = {isa = PBXBuildFile; fileRef = 6FCAB4EB21FD4CCF005DEFCE /* Main.storyboard */; };
		6FCAB4F621FD4D6B005DEFCE /* Settings.swift in Sources */ = {isa = PBXBuildFile; fileRef = 6FCAB4F521FD4D6B005DEFCE /* Settings.swift */; };
/* End PBXBuildFile section */

/* Begin PBXFileReference section */
		6FCAB4E221FD4CCE005DEFCE /* TableViewToUserDefaults.app */ = {isa = PBXFileReference; explicitFileType = wrapper.application; includeInIndex = 0; path = TableViewToUserDefaults.app; sourceTree = BUILT_PRODUCTS_DIR; };
		6FCAB4E521FD4CCE005DEFCE /* AppDelegate.swift */ = {isa = PBXFileReference; lastKnownFileType = sourcecode.swift; path = AppDelegate.swift; sourceTree = "<group>"; };
		6FCAB4E721FD4CCE005DEFCE /* ViewController.swift */ = {isa = PBXFileReference; lastKnownFileType = sourcecode.swift; path = ViewController.swift; sourceTree = "<group>"; };
		6FCAB4E921FD4CCF005DEFCE /* Assets.xcassets */ = {isa = PBXFileReference; lastKnownFileType = folder.assetcatalog; path = Assets.xcassets; sourceTree = "<group>"; };
		6FCAB4EC21FD4CCF005DEFCE /* Base */ = {isa = PBXFileReference; lastKnownFileType = file.storyboard; name = Base; path = Base.lproj/Main.storyboard; sourceTree = "<group>"; };
		6FCAB4EE21FD4CCF005DEFCE /* Info.plist */ = {isa = PBXFileReference; lastKnownFileType = text.plist.xml; path = Info.plist; sourceTree = "<group>"; };
		6FCAB4EF21FD4CCF005DEFCE /* TableViewToUserDefaults.entitlements */ = {isa = PBXFileReference; lastKnownFileType = text.plist.entitlements; path = TableViewToUserDefaults.entitlements; sourceTree = "<group>"; };
		6FCAB4F521FD4D6B005DEFCE /* Settings.swift */ = {isa = PBXFileReference; lastKnownFileType = sourcecode.swift; path = Settings.swift; sourceTree = "<group>"; };
/* End PBXFileReference section */

/* Begin PBXFrameworksBuildPhase section */
		6FCAB4DF21FD4CCE005DEFCE /* Frameworks */ = {
			isa = PBXFrameworksBuildPhase;
			buildActionMask = 2147483647;
			files = (
			);
			runOnlyForDeploymentPostprocessing = 0;
		};
/* End PBXFrameworksBuildPhase section */

/* Begin PBXGroup section */
		6FCAB4D921FD4CCE005DEFCE = {
			isa = PBXGroup;
			children = (
				6FCAB4E421FD4CCE005DEFCE /* TableViewToUserDefaults */,
				6FCAB4E321FD4CCE005DEFCE /* Products */,
			);
			sourceTree = "<group>";
		};
		6FCAB4E321FD4CCE005DEFCE /* Products */ = {
			isa = PBXGroup;
			children = (
				6FCAB4E221FD4CCE005DEFCE /* TableViewToUserDefaults.app */,
			);
			name = Products;
			sourceTree = "<group>";
		};
		6FCAB4E421FD4CCE005DEFCE /* TableViewToUserDefaults */ = {
			isa = PBXGroup;
			children = (
				6FCAB4E521FD4CCE005DEFCE /* AppDelegate.swift */,
				6FCAB4E721FD4CCE005DEFCE /* ViewController.swift */,
				6FCAB4E921FD4CCF005DEFCE /* Assets.xcassets */,
				6FCAB4EB21FD4CCF005DEFCE /* Main.storyboard */,
				6FCAB4EE21FD4CCF005DEFCE /* Info.plist */,
				6FCAB4EF21FD4CCF005DEFCE /* TableViewToUserDefaults.entitlements */,
				6FCAB4F521FD4D6B005DEFCE /* Settings.swift */,
			);
			path = TableViewToUserDefaults;
			sourceTree = "<group>";
		};
/* End PBXGroup section */

/* Begin PBXNativeTarget section */
		6FCAB4E121FD4CCE005DEFCE /* TableViewToUserDefaults */ = {
			isa = PBXNativeTarget;
			buildConfigurationList = 6FCAB4F221FD4CCF005DEFCE /* Build configuration list for PBXNativeTarget "TableViewToUserDefaults" */;
			buildPhases = (
				6FCAB4DE21FD4CCE005DEFCE /* Sources */,
				6FCAB4DF21FD4CCE005DEFCE /* Frameworks */,
				6FCAB4E021FD4CCE005DEFCE /* Resources */,
			);
			buildRules = (
			);
			dependencies = (
			);
			name = TableViewToUserDefaults;
			productName = TableViewToUserDefaults;
			productReference = 6FCAB4E221FD4CCE005DEFCE /* TableViewToUserDefaults.app */;
			productType = "com.apple.product-type.application";
		};
/* End PBXNativeTarget section */

/* Begin PBXProject section */
		6FCAB4DA21FD4CCE005DEFCE /* Project object */ = {
			isa = PBXProject;
			attributes = {
				LastSwiftUpdateCheck = 1010;
				LastUpgradeCheck = 1010;
				ORGANIZATIONNAME = "Décio Luiz Gazzoni Filho";
				TargetAttributes = {
					6FCAB4E121FD4CCE005DEFCE = {
						CreatedOnToolsVersion = 10.1;
					};
				};
			};
			buildConfigurationList = 6FCAB4DD21FD4CCE005DEFCE /* Build configuration list for PBXProject "TableViewToUserDefaults" */;
			compatibilityVersion = "Xcode 9.3";
			developmentRegion = en;
			hasScannedForEncodings = 0;
			knownRegions = (
				en,
				Base,
			);
			mainGroup = 6FCAB4D921FD4CCE005DEFCE;
			productRefGroup = 6FCAB4E321FD4CCE005DEFCE /* Products */;
			projectDirPath = "";
			projectRoot = "";
			targets = (
				6FCAB4E121FD4CCE005DEFCE /* TableViewToUserDefaults */,
			);
		};
/* End PBXProject section */

/* Begin PBXResourcesBuildPhase section */
		6FCAB4E021FD4CCE005DEFCE /* Resources */ = {
			isa = PBXResourcesBuildPhase;
			buildActionMask = 2147483647;
			files = (
				6FCAB4EA21FD4CCF005DEFCE /* Assets.xcassets in Resources */,
				6FCAB4ED21FD4CCF005DEFCE /* Main.storyboard in Resources */,
			);
			runOnlyForDeploymentPostprocessing = 0;
		};
/* End PBXResourcesBuildPhase section */

/* Begin PBXSourcesBuildPhase section */
		6FCAB4DE21FD4CCE005DEFCE /* Sources */ = {
			isa = PBXSourcesBuildPhase;
			buildActionMask = 2147483647;
			files = (
				6FCAB4F621FD4D6B005DEFCE /* Settings.swift in Sources */,
				6FCAB4E821FD4CCE005DEFCE /* ViewController.swift in Sources */,
				6FCAB4E621FD4CCE005DEFCE /* AppDelegate.swift in Sources */,
			);
			runOnlyForDeploymentPostprocessing = 0;
		};
/* End PBXSourcesBuildPhase section */

/* Begin PBXVariantGroup section */
		6FCAB4EB21FD4CCF005DEFCE /* Main.storyboard */ = {
			isa = PBXVariantGroup;
			children = (
				6FCAB4EC21FD4CCF005DEFCE /* Base */,
			);
			name = Main.storyboard;
			sourceTree = "<group>";
		};
/* End PBXVariantGroup section */

/* Begin XCBuildConfiguration section */
		6FCAB4F021FD4CCF005DEFCE /* Debug */ = {
			isa = XCBuildConfiguration;
			buildSettings = {
				ALWAYS_SEARCH_USER_PATHS = NO;
				CLANG_ANALYZER_NONNULL = YES;
				CLANG_ANALYZER_NUMBER_OBJECT_CONVERSION = YES_AGGRESSIVE;
				CLANG_CXX_LANGUAGE_STANDARD = "gnu++14";
				CLANG_CXX_LIBRARY = "libc++";
				CLANG_ENABLE_MODULES = YES;
				CLANG_ENABLE_OBJC_ARC = YES;
				CLANG_ENABLE_OBJC_WEAK = YES;
				CLANG_WARN_BLOCK_CAPTURE_AUTORELEASING = YES;
				CLANG_WARN_BOOL_CONVERSION = YES;
				CLANG_WARN_COMMA = YES;
				CLANG_WARN_CONSTANT_CONVERSION = YES;
				CLANG_WARN_DEPRECATED_OBJC_IMPLEMENTATIONS = YES;
				CLANG_WARN_DIRECT_OBJC_ISA_USAGE = YES_ERROR;
				CLANG_WARN_DOCUMENTATION_COMMENTS = YES;
				CLANG_WARN_EMPTY_BODY = YES;
				CLANG_WARN_ENUM_CONVERSION = YES;
				CLANG_WARN_INFINITE_RECURSION = YES;
				CLANG_WARN_INT_CONVERSION = YES;
				CLANG_WARN_NON_LITERAL_NULL_CONVERSION = YES;
				CLANG_WARN_OBJC_IMPLICIT_RETAIN_SELF = YES;
				CLANG_WARN_OBJC_LITERAL_CONVERSION = YES;
				CLANG_WARN_OBJC_ROOT_CLASS = YES_ERROR;
				CLANG_WARN_RANGE_LOOP_ANALYSIS = YES;
				CLANG_WARN_STRICT_PROTOTYPES = YES;
				CLANG_WARN_SUSPICIOUS_MOVE = YES;
				CLANG_WARN_UNGUARDED_AVAILABILITY = YES_AGGRESSIVE;
				CLANG_WARN_UNREACHABLE_CODE = YES;
				CLANG_WARN__DUPLICATE_METHOD_MATCH = YES;
				CODE_SIGN_IDENTITY = "Mac Developer";
				COPY_PHASE_STRIP = NO;
				DEBUG_INFORMATION_FORMAT = dwarf;
				ENABLE_STRICT_OBJC_MSGSEND = YES;
				ENABLE_TESTABILITY = YES;
				GCC_C_LANGUAGE_STANDARD = gnu11;
				GCC_DYNAMIC_NO_PIC = NO;
				GCC_NO_COMMON_BLOCKS = YES;
				GCC_OPTIMIZATION_LEVEL = 0;
				GCC_PREPROCESSOR_DEFINITIONS = (
					"DEBUG=1",
					"$(inherited)",
				);
				GCC_WARN_64_TO_32_BIT_CONVERSION = YES;
				GCC_WARN_ABOUT_RETURN_TYPE = YES_ERROR;
				GCC_WARN_UNDECLARED_SELECTOR = YES;
				GCC_WARN_UNINITIALIZED_AUTOS = YES_AGGRESSIVE;
				GCC_WARN_UNUSED_FUNCTION = YES;
				GCC_WARN_UNUSED_VARIABLE = YES;
				MACOSX_DEPLOYMENT_TARGET = 10.14;
				MTL_ENABLE_DEBUG_INFO = INCLUDE_SOURCE;
				MTL_FAST_MATH = YES;
				ONLY_ACTIVE_ARCH = YES;
				SDKROOT = macosx;
				SWIFT_ACTIVE_COMPILATION_CONDITIONS = DEBUG;
				SWIFT_OPTIMIZATION_LEVEL = "-Onone";
			};
			name = Debug;
		};
		6FCAB4F121FD4CCF005DEFCE /* Release */ = {
			isa = XCBuildConfiguration;
			buildSettings = {
				ALWAYS_SEARCH_USER_PATHS = NO;
				CLANG_ANALYZER_NONNULL = YES;
				CLANG_ANALYZER_NUMBER_OBJECT_CONVERSION = YES_AGGRESSIVE;
				CLANG_CXX_LANGUAGE_STANDARD = "gnu++14";
				CLANG_CXX_LIBRARY = "libc++";
				CLANG_ENABLE_MODULES = YES;
				CLANG_ENABLE_OBJC_ARC = YES;
				CLANG_ENABLE_OBJC_WEAK = YES;
				CLANG_WARN_BLOCK_CAPTURE_AUTORELEASING = YES;
				CLANG_WARN_BOOL_CONVERSION = YES;
				CLANG_WARN_COMMA = YES;
				CLANG_WARN_CONSTANT_CONVERSION = YES;
				CLANG_WARN_DEPRECATED_OBJC_IMPLEMENTATIONS = YES;
				CLANG_WARN_DIRECT_OBJC_ISA_USAGE = YES_ERROR;
				CLANG_WARN_DOCUMENTATION_COMMENTS = YES;
				CLANG_WARN_EMPTY_BODY = YES;
				CLANG_WARN_ENUM_CONVERSION = YES;
				CLANG_WARN_INFINITE_RECURSION = YES;
				CLANG_WARN_INT_CONVERSION = YES;
				CLANG_WARN_NON_LITERAL_NULL_CONVERSION = YES;
				CLANG_WARN_OBJC_IMPLICIT_RETAIN_SELF = YES;
				CLANG_WARN_OBJC_LITERAL_CONVERSION = YES;
				CLANG_WARN_OBJC_ROOT_CLASS = YES_ERROR;
				CLANG_WARN_RANGE_LOOP_ANALYSIS = YES;
				CLANG_WARN_STRICT_PROTOTYPES = YES;
				CLANG_WARN_SUSPICIOUS_MOVE = YES;
				CLANG_WARN_UNGUARDED_AVAILABILITY = YES_AGGRESSIVE;
				CLANG_WARN_UNREACHABLE_CODE = YES;
				CLANG_WARN__DUPLICATE_METHOD_MATCH = YES;
				CODE_SIGN_IDENTITY = "Mac Developer";
				COPY_PHASE_STRIP = NO;
				DEBUG_INFORMATION_FORMAT = "dwarf-with-dsym";
				ENABLE_NS_ASSERTIONS = NO;
				ENABLE_STRICT_OBJC_MSGSEND = YES;
				GCC_C_LANGUAGE_STANDARD = gnu11;
				GCC_NO_COMMON_BLOCKS = YES;
				GCC_WARN_64_TO_32_BIT_CONVERSION = YES;
				GCC_WARN_ABOUT_RETURN_TYPE = YES_ERROR;
				GCC_WARN_UNDECLARED_SELECTOR = YES;
				GCC_WARN_UNINITIALIZED_AUTOS = YES_AGGRESSIVE;
				GCC_WARN_UNUSED_FUNCTION = YES;
				GCC_WARN_UNUSED_VARIABLE = YES;
				MACOSX_DEPLOYMENT_TARGET = 10.14;
				MTL_ENABLE_DEBUG_INFO = NO;
				MTL_FAST_MATH = YES;
				SDKROOT = macosx;
				SWIFT_COMPILATION_MODE = wholemodule;
				SWIFT_OPTIMIZATION_LEVEL = "-O";
			};
			name = Release;
		};
		6FCAB4F321FD4CCF005DEFCE /* Debug */ = {
			isa = XCBuildConfiguration;
			buildSettings = {
				ASSETCATALOG_COMPILER_APPICON_NAME = AppIcon;
				CODE_SIGN_ENTITLEMENTS = TableViewToUserDefaults/TableViewToUserDefaults.entitlements;
				CODE_SIGN_IDENTITY = "-";
				CODE_SIGN_STYLE = Manual;
				COMBINE_HIDPI_IMAGES = YES;
				DEVELOPMENT_TEAM = "";
				INFOPLIST_FILE = TableViewToUserDefaults/Info.plist;
				LD_RUNPATH_SEARCH_PATHS = (
					"$(inherited)",
					"@executable_path/../Frameworks",
				);
				MACOSX_DEPLOYMENT_TARGET = 10.10;
				PRODUCT_BUNDLE_IDENTIFIER = net.decpp.TableViewToUserDefaults;
				PRODUCT_NAME = "$(TARGET_NAME)";
				PROVISIONING_PROFILE_SPECIFIER = "";
				SWIFT_VERSION = 4.2;
			};
			name = Debug;
		};
		6FCAB4F421FD4CCF005DEFCE /* Release */ = {
			isa = XCBuildConfiguration;
			buildSettings = {
				ASSETCATALOG_COMPILER_APPICON_NAME = AppIcon;
				CODE_SIGN_ENTITLEMENTS = TableViewToUserDefaults/TableViewToUserDefaults.entitlements;
				CODE_SIGN_IDENTITY = "-";
				CODE_SIGN_STYLE = Manual;
				COMBINE_HIDPI_IMAGES = YES;
				DEVELOPMENT_TEAM = "";
				INFOPLIST_FILE = TableViewToUserDefaults/Info.plist;
				LD_RUNPATH_SEARCH_PATHS = (
					"$(inherited)",
					"@executable_path/../Frameworks",
				);
				MACOSX_DEPLOYMENT_TARGET = 10.10;
				PRODUCT_BUNDLE_IDENTIFIER = net.decpp.TableViewToUserDefaults;
				PRODUCT_NAME = "$(TARGET_NAME)";
				PROVISIONING_PROFILE_SPECIFIER = "";
				SWIFT_VERSION = 4.2;
			};
			name = Release;
		};
/* End XCBuildConfiguration section */

/* Begin XCConfigurationList section */
		6FCAB4DD21FD4CCE005DEFCE /* Build configuration list for PBXProject "TableViewToUserDefaults" */ = {
			isa = XCConfigurationList;
			buildConfigurations = (
				6FCAB4F021FD4CCF005DEFCE /* Debug */,
				6FCAB4F121FD4CCF005DEFCE /* Release */,
			);
			defaultConfigurationIsVisible = 0;
			defaultConfigurationName = Release;
		};
		6FCAB4F221FD4CCF005DEFCE /* Build configuration list for PBXNativeTarget "TableViewToUserDefaults" */ = {
			isa = XCConfigurationList;
			buildConfigurations = (
				6FCAB4F321FD4CCF005DEFCE /* Debug */,
				6FCAB4F421FD4CCF005DEFCE /* Release */,
			);
			defaultConfigurationIsVisible = 0;
			defaultConfigurationName = Release;
		};
/* End XCConfigurationList section */
	};
	rootObject = 6FCAB4DA21FD4CCE005DEFCE /* Project object */;
}
